
Microsoft Visual Studio Solution File, Format Version 12.00
# Visual Studio 14
VisualStudioVersion = 14.0.25123.0
MinimumVisualStudioVersion = 10.0.40219.1
Project("{FAE04EC0-301F-11D3-BF4B-00C04F79EFBC}") = "BPTServer", "BPTServer\BPTServer.csproj", "{7DFB765F-1235-4EED-BD01-4AE1285B418A}"
EndProject
Project("{FAE04EC0-301F-11D3-BF4B-00C04F79EFBC}") = "BPTClient", "BPTClient\BPTClient.csproj", "{215432E9-2AB4-4A3E-807B-64300D5EC314}"
EndProject
Global
	GlobalSection(SolutionConfigurationPlatforms) = preSolution
		Debug|Any CPU = Debug|Any CPU
		Release|Any CPU = Release|Any CPU
	EndGlobalSection
	GlobalSection(ProjectConfigurationPlatforms) = postSolution
		{7DFB765F-1235-4EED-BD01-4AE1285B418A}.Debug|Any CPU.ActiveCfg = Debug|Any CPU
		{7DFB765F-1235-4EED-BD01-4AE1285B418A}.Debug|Any CPU.Build.0 = Debug|Any CPU
		{7DFB765F-1235-4EED-BD01-4AE1285B418A}.Release|Any CPU.ActiveCfg = Release|Any CPU
		{7DFB765F-1235-4EED-BD01-4AE1285B418A}.Release|Any CPU.Build.0 = Release|Any CPU
		{215432E9-2AB4-4A3E-807B-64300D5EC314}.Debug|Any CPU.ActiveCfg = Debug|Any CPU
		{215432E9-2AB4-4A3E-807B-64300D5EC314}.Debug|Any CPU.Build.0 = Debug|Any CPU
		{215432E9-2AB4-4A3E-807B-64300D5EC314}.Release|Any CPU.ActiveCfg = Release|Any CPU
		{215432E9-2AB4-4A3E-807B-64300D5EC314}.Release|Any CPU.Build.0 = Release|Any CPU
	EndGlobalSection
	GlobalSection(SolutionProperties) = preSolution
		HideSolutionNode = FALSE
	EndGlobalSection
EndGlobal
